
Microsoft Visual Studio Solution File, Format Version 12.00
# Visual Studio Version 17
VisualStudioVersion = 17.5.002.0
MinimumVisualStudioVersion = 10.0.40219.1
Project("{2150E333-8FDC-42A3-9474-1A3956D46DE8}") = "csharp-prep", "csharp-prep", "{CD622649-E57C-477B-B432-41B34F7BDE1E}"
EndProject
Project("{9A19103F-16F7-4668-BE54-9A1E7A4F7556}") = "Prep1", "csharp-prep\Prep1\Prep1.csproj", "{BAF4071D-851B-43BF-8032-B08A7185F07D}"
EndProject
Project("{9A19103F-16F7-4668-BE54-9A1E7A4F7556}") = "Prep2", "csharp-prep\Prep2\Prep2.csproj", "{EE508256-176F-49B1-9CD7-A5C36C84BAAF}"
EndProject
Project("{9A19103F-16F7-4668-BE54-9A1E7A4F7556}") = "Prep3", "csharp-prep\Prep3\Prep3.csproj", "{2C7B54AF-1C7A-4B53-A35E-60E03CC16C5C}"
EndProject
Project("{9A19103F-16F7-4668-BE54-9A1E7A4F7556}") = "Prep4", "csharp-prep\Prep4\Prep4.csproj", "{3738B18B-0E1F-4A74-BFC9-4509D0DF425A}"
EndProject
Project("{9A19103F-16F7-4668-BE54-9A1E7A4F7556}") = "Prep5", "csharp-prep\Prep5\Prep5.csproj", "{499A5827-F501-4073-87F6-3D8169957BC5}"
EndProject
Project("{2150E333-8FDC-42A3-9474-1A3956D46DE8}") = "final", "final", "{107A55EC-481D-4B85-B5E2-F053100FF808}"
EndProject
Project("{9A19103F-16F7-4668-BE54-9A1E7A4F7556}") = "FinalProject", "final\FinalProject\FinalProject.csproj", "{25CF3B93-5E80-4165-AF80-6B5D03D3F8A1}"
EndProject
Project("{9A19103F-16F7-4668-BE54-9A1E7A4F7556}") = "Foundation1", "final\Foundation1\Foundation1.csproj", "{012CB157-26D1-48DF-95D8-14610EB9581F}"
EndProject
Project("{9A19103F-16F7-4668-BE54-9A1E7A4F7556}") = "Foundation2", "final\Foundation2\Foundation2.csproj", "{4390BD53-ADB9-4FBD-9C47-7D61FBB32594}"
EndProject
Project("{9A19103F-16F7-4668-BE54-9A1E7A4F7556}") = "Foundation3", "final\Foundation3\Foundation3.csproj", "{C9ECAB7F-8B2C-4FE8-86B7-66C103A6226C}"
EndProject
Project("{9A19103F-16F7-4668-BE54-9A1E7A4F7556}") = "Foundation4", "final\Foundation4\Foundation4.csproj", "{BF0C6463-6B7B-4539-873D-39C9CD263005}"
EndProject
Project("{2150E333-8FDC-42A3-9474-1A3956D46DE8}") = "prepare", "prepare", "{7D754CAB-FF5B-4F37-A8EC-35616EC93716}"
EndProject
Project("{9A19103F-16F7-4668-BE54-9A1E7A4F7556}") = "Learning02", "prepare\Learning02\Learning02.csproj", "{B3B206CE-FF21-42EB-A11B-503462940BB7}"
EndProject
Project("{9A19103F-16F7-4668-BE54-9A1E7A4F7556}") = "Learning03", "prepare\Learning03\Learning03.csproj", "{249E23E3-674C-4A71-AC89-3F06041964DF}"
EndProject
Project("{9A19103F-16F7-4668-BE54-9A1E7A4F7556}") = "Learning04", "prepare\Learning04\Learning04.csproj", "{987CF510-8E09-4F96-A3F2-BCB018028E95}"
EndProject
Project("{9A19103F-16F7-4668-BE54-9A1E7A4F7556}") = "Learning05", "prepare\Learning05\Learning05.csproj", "{4E1F16C0-6C16-4B9A-A987-0B70134F471E}"
EndProject
Project("{2150E333-8FDC-42A3-9474-1A3956D46DE8}") = "prove", "prove", "{FDA58882-7017-4B2C-B881-2D89BF41942F}"
EndProject
Project("{9A19103F-16F7-4668-BE54-9A1E7A4F7556}") = "Develop02", "prove\Develop02\Develop02.csproj", "{00BEBAE1-F16A-4512-83D8-02F326D36E78}"
EndProject
Project("{9A19103F-16F7-4668-BE54-9A1E7A4F7556}") = "Develop03", "prove\Develop03\Develop03.csproj", "{8EBB0D3B-37F1-438E-B025-598ADA32AFAD}"
EndProject
Project("{9A19103F-16F7-4668-BE54-9A1E7A4F7556}") = "Develop04", "prove\Develop04\Develop04.csproj", "{F7AF7C81-455D-4406-8A20-A5982B2DE2AE}"
EndProject
Project("{9A19103F-16F7-4668-BE54-9A1E7A4F7556}") = "Develop05", "prove\Develop05\Develop05.csproj", "{3F602A78-7926-4912-8C48-D53A87125A22}"
EndProject
Project("{2150E333-8FDC-42A3-9474-1A3956D46DE8}") = "sandbox", "sandbox", "{34F6F445-5FCD-4874-96B7-52D448BB1F90}"
EndProject
Project("{9A19103F-16F7-4668-BE54-9A1E7A4F7556}") = "Sandbox", "sandbox\Sandbox\Sandbox.csproj", "{79DF3641-3586-4D59-BF75-2F5333E53B2C}"
EndProject
Global
	GlobalSection(SolutionConfigurationPlatforms) = preSolution
		Debug|Any CPU = Debug|Any CPU
		Release|Any CPU = Release|Any CPU
	EndGlobalSection
	GlobalSection(ProjectConfigurationPlatforms) = postSolution
		{BAF4071D-851B-43BF-8032-B08A7185F07D}.Debug|Any CPU.ActiveCfg = Debug|Any CPU
		{BAF4071D-851B-43BF-8032-B08A7185F07D}.Debug|Any CPU.Build.0 = Debug|Any CPU
		{BAF4071D-851B-43BF-8032-B08A7185F07D}.Release|Any CPU.ActiveCfg = Release|Any CPU
		{BAF4071D-851B-43BF-8032-B08A7185F07D}.Release|Any CPU.Build.0 = Release|Any CPU
		{EE508256-176F-49B1-9CD7-A5C36C84BAAF}.Debug|Any CPU.ActiveCfg = Debug|Any CPU
		{EE508256-176F-49B1-9CD7-A5C36C84BAAF}.Debug|Any CPU.Build.0 = Debug|Any CPU
		{EE508256-176F-49B1-9CD7-A5C36C84BAAF}.Release|Any CPU.ActiveCfg = Release|Any CPU
		{EE508256-176F-49B1-9CD7-A5C36C84BAAF}.Release|Any CPU.Build.0 = Release|Any CPU
		{2C7B54AF-1C7A-4B53-A35E-60E03CC16C5C}.Debug|Any CPU.ActiveCfg = Debug|Any CPU
		{2C7B54AF-1C7A-4B53-A35E-60E03CC16C5C}.Debug|Any CPU.Build.0 = Debug|Any CPU
		{2C7B54AF-1C7A-4B53-A35E-60E03CC16C5C}.Release|Any CPU.ActiveCfg = Release|Any CPU
		{2C7B54AF-1C7A-4B53-A35E-60E03CC16C5C}.Release|Any CPU.Build.0 = Release|Any CPU
		{3738B18B-0E1F-4A74-BFC9-4509D0DF425A}.Debug|Any CPU.ActiveCfg = Debug|Any CPU
		{3738B18B-0E1F-4A74-BFC9-4509D0DF425A}.Debug|Any CPU.Build.0 = Debug|Any CPU
		{3738B18B-0E1F-4A74-BFC9-4509D0DF425A}.Release|Any CPU.ActiveCfg = Release|Any CPU
		{3738B18B-0E1F-4A74-BFC9-4509D0DF425A}.Release|Any CPU.Build.0 = Release|Any CPU
		{499A5827-F501-4073-87F6-3D8169957BC5}.Debug|Any CPU.ActiveCfg = Debug|Any CPU
		{499A5827-F501-4073-87F6-3D8169957BC5}.Debug|Any CPU.Build.0 = Debug|Any CPU
		{499A5827-F501-4073-87F6-3D8169957BC5}.Release|Any CPU.ActiveCfg = Release|Any CPU
		{499A5827-F501-4073-87F6-3D8169957BC5}.Release|Any CPU.Build.0 = Release|Any CPU
		{25CF3B93-5E80-4165-AF80-6B5D03D3F8A1}.Debug|Any CPU.ActiveCfg = Debug|Any CPU
		{25CF3B93-5E80-4165-AF80-6B5D03D3F8A1}.Debug|Any CPU.Build.0 = Debug|Any CPU
		{25CF3B93-5E80-4165-AF80-6B5D03D3F8A1}.Release|Any CPU.ActiveCfg = Release|Any CPU
		{25CF3B93-5E80-4165-AF80-6B5D03D3F8A1}.Release|Any CPU.Build.0 = Release|Any CPU
		{012CB157-26D1-48DF-95D8-14610EB9581F}.Debug|Any CPU.ActiveCfg = Debug|Any CPU
		{012CB157-26D1-48DF-95D8-14610EB9581F}.Debug|Any CPU.Build.0 = Debug|Any CPU
		{012CB157-26D1-48DF-95D8-14610EB9581F}.Release|Any CPU.ActiveCfg = Release|Any CPU
		{012CB157-26D1-48DF-95D8-14610EB9581F}.Release|Any CPU.Build.0 = Release|Any CPU
		{4390BD53-ADB9-4FBD-9C47-7D61FBB32594}.Debug|Any CPU.ActiveCfg = Debug|Any CPU
		{4390BD53-ADB9-4FBD-9C47-7D61FBB32594}.Debug|Any CPU.Build.0 = Debug|Any CPU
		{4390BD53-ADB9-4FBD-9C47-7D61FBB32594}.Release|Any CPU.ActiveCfg = Release|Any CPU
		{4390BD53-ADB9-4FBD-9C47-7D61FBB32594}.Release|Any CPU.Build.0 = Release|Any CPU
		{C9ECAB7F-8B2C-4FE8-86B7-66C103A6226C}.Debug|Any CPU.ActiveCfg = Debug|Any CPU
		{C9ECAB7F-8B2C-4FE8-86B7-66C103A6226C}.Debug|Any CPU.Build.0 = Debug|Any CPU
		{C9ECAB7F-8B2C-4FE8-86B7-66C103A6226C}.Release|Any CPU.ActiveCfg = Release|Any CPU
		{C9ECAB7F-8B2C-4FE8-86B7-66C103A6226C}.Release|Any CPU.Build.0 = Release|Any CPU
		{BF0C6463-6B7B-4539-873D-39C9CD263005}.Debug|Any CPU.ActiveCfg = Debug|Any CPU
		{BF0C6463-6B7B-4539-873D-39C9CD263005}.Debug|Any CPU.Build.0 = Debug|Any CPU
		{BF0C6463-6B7B-4539-873D-39C9CD263005}.Release|Any CPU.ActiveCfg = Release|Any CPU
		{BF0C6463-6B7B-4539-873D-39C9CD263005}.Release|Any CPU.Build.0 = Release|Any CPU
		{B3B206CE-FF21-42EB-A11B-503462940BB7}.Debug|Any CPU.ActiveCfg = Debug|Any CPU
		{B3B206CE-FF21-42EB-A11B-503462940BB7}.Debug|Any CPU.Build.0 = Debug|Any CPU
		{B3B206CE-FF21-42EB-A11B-503462940BB7}.Release|Any CPU.ActiveCfg = Release|Any CPU
		{B3B206CE-FF21-42EB-A11B-503462940BB7}.Release|Any CPU.Build.0 = Release|Any CPU
		{249E23E3-674C-4A71-AC89-3F06041964DF}.Debug|Any CPU.ActiveCfg = Debug|Any CPU
		{249E23E3-674C-4A71-AC89-3F06041964DF}.Debug|Any CPU.Build.0 = Debug|Any CPU
		{249E23E3-674C-4A71-AC89-3F06041964DF}.Release|Any CPU.ActiveCfg = Release|Any CPU
		{249E23E3-674C-4A71-AC89-3F06041964DF}.Release|Any CPU.Build.0 = Release|Any CPU
		{987CF510-8E09-4F96-A3F2-BCB018028E95}.Debug|Any CPU.ActiveCfg = Debug|Any CPU
		{987CF510-8E09-4F96-A3F2-BCB018028E95}.Debug|Any CPU.Build.0 = Debug|Any CPU
		{987CF510-8E09-4F96-A3F2-BCB018028E95}.Release|Any CPU.ActiveCfg = Release|Any CPU
		{987CF510-8E09-4F96-A3F2-BCB018028E95}.Release|Any CPU.Build.0 = Release|Any CPU
		{4E1F16C0-6C16-4B9A-A987-0B70134F471E}.Debug|Any CPU.ActiveCfg = Debug|Any CPU
		{4E1F16C0-6C16-4B9A-A987-0B70134F471E}.Debug|Any CPU.Build.0 = Debug|Any CPU
		{4E1F16C0-6C16-4B9A-A987-0B70134F471E}.Release|Any CPU.ActiveCfg = Release|Any CPU
		{4E1F16C0-6C16-4B9A-A987-0B70134F471E}.Release|Any CPU.Build.0 = Release|Any CPU
		{00BEBAE1-F16A-4512-83D8-02F326D36E78}.Debug|Any CPU.ActiveCfg = Debug|Any CPU
		{00BEBAE1-F16A-4512-83D8-02F326D36E78}.Debug|Any CPU.Build.0 = Debug|Any CPU
		{00BEBAE1-F16A-4512-83D8-02F326D36E78}.Release|Any CPU.ActiveCfg = Release|Any CPU
		{00BEBAE1-F16A-4512-83D8-02F326D36E78}.Release|Any CPU.Build.0 = Release|Any CPU
		{8EBB0D3B-37F1-438E-B025-598ADA32AFAD}.Debug|Any CPU.ActiveCfg = Debug|Any CPU
		{8EBB0D3B-37F1-438E-B025-598ADA32AFAD}.Debug|Any CPU.Build.0 = Debug|Any CPU
		{8EBB0D3B-37F1-438E-B025-598ADA32AFAD}.Release|Any CPU.ActiveCfg = Release|Any CPU
		{8EBB0D3B-37F1-438E-B025-598ADA32AFAD}.Release|Any CPU.Build.0 = Release|Any CPU
		{F7AF7C81-455D-4406-8A20-A5982B2DE2AE}.Debug|Any CPU.ActiveCfg = Debug|Any CPU
		{F7AF7C81-455D-4406-8A20-A5982B2DE2AE}.Debug|Any CPU.Build.0 = Debug|Any CPU
		{F7AF7C81-455D-4406-8A20-A5982B2DE2AE}.Release|Any CPU.ActiveCfg = Release|Any CPU
		{F7AF7C81-455D-4406-8A20-A5982B2DE2AE}.Release|Any CPU.Build.0 = Release|Any CPU
		{3F602A78-7926-4912-8C48-D53A87125A22}.Debug|Any CPU.ActiveCfg = Debug|Any CPU
		{3F602A78-7926-4912-8C48-D53A87125A22}.Debug|Any CPU.Build.0 = Debug|Any CPU
		{3F602A78-7926-4912-8C48-D53A87125A22}.Release|Any CPU.ActiveCfg = Release|Any CPU
		{3F602A78-7926-4912-8C48-D53A87125A22}.Release|Any CPU.Build.0 = Release|Any CPU
		{79DF3641-3586-4D59-BF75-2F5333E53B2C}.Debug|Any CPU.ActiveCfg = Debug|Any CPU
		{79DF3641-3586-4D59-BF75-2F5333E53B2C}.Debug|Any CPU.Build.0 = Debug|Any CPU
		{79DF3641-3586-4D59-BF75-2F5333E53B2C}.Release|Any CPU.ActiveCfg = Release|Any CPU
		{79DF3641-3586-4D59-BF75-2F5333E53B2C}.Release|Any CPU.Build.0 = Release|Any CPU
	EndGlobalSection
	GlobalSection(SolutionProperties) = preSolution
		HideSolutionNode = FALSE
	EndGlobalSection
	GlobalSection(NestedProjects) = preSolution
		{BAF4071D-851B-43BF-8032-B08A7185F07D} = {CD622649-E57C-477B-B432-41B34F7BDE1E}
		{EE508256-176F-49B1-9CD7-A5C36C84BAAF} = {CD622649-E57C-477B-B432-41B34F7BDE1E}
		{2C7B54AF-1C7A-4B53-A35E-60E03CC16C5C} = {CD622649-E57C-477B-B432-41B34F7BDE1E}
		{3738B18B-0E1F-4A74-BFC9-4509D0DF425A} = {CD622649-E57C-477B-B432-41B34F7BDE1E}
		{499A5827-F501-4073-87F6-3D8169957BC5} = {CD622649-E57C-477B-B432-41B34F7BDE1E}
		{25CF3B93-5E80-4165-AF80-6B5D03D3F8A1} = {107A55EC-481D-4B85-B5E2-F053100FF808}
		{012CB157-26D1-48DF-95D8-14610EB9581F} = {107A55EC-481D-4B85-B5E2-F053100FF808}
		{4390BD53-ADB9-4FBD-9C47-7D61FBB32594} = {107A55EC-481D-4B85-B5E2-F053100FF808}
		{C9ECAB7F-8B2C-4FE8-86B7-66C103A6226C} = {107A55EC-481D-4B85-B5E2-F053100FF808}
		{BF0C6463-6B7B-4539-873D-39C9CD263005} = {107A55EC-481D-4B85-B5E2-F053100FF808}
		{B3B206CE-FF21-42EB-A11B-503462940BB7} = {7D754CAB-FF5B-4F37-A8EC-35616EC93716}
		{249E23E3-674C-4A71-AC89-3F06041964DF} = {7D754CAB-FF5B-4F37-A8EC-35616EC93716}
		{987CF510-8E09-4F96-A3F2-BCB018028E95} = {7D754CAB-FF5B-4F37-A8EC-35616EC93716}
		{4E1F16C0-6C16-4B9A-A987-0B70134F471E} = {7D754CAB-FF5B-4F37-A8EC-35616EC93716}
		{00BEBAE1-F16A-4512-83D8-02F326D36E78} = {FDA58882-7017-4B2C-B881-2D89BF41942F}
		{8EBB0D3B-37F1-438E-B025-598ADA32AFAD} = {FDA58882-7017-4B2C-B881-2D89BF41942F}
		{F7AF7C81-455D-4406-8A20-A5982B2DE2AE} = {FDA58882-7017-4B2C-B881-2D89BF41942F}
		{3F602A78-7926-4912-8C48-D53A87125A22} = {FDA58882-7017-4B2C-B881-2D89BF41942F}
		{79DF3641-3586-4D59-BF75-2F5333E53B2C} = {34F6F445-5FCD-4874-96B7-52D448BB1F90}
	EndGlobalSection
	GlobalSection(ExtensibilityGlobals) = postSolution
		SolutionGuid = {1D304266-290E-43DC-BF56-E3A05F1B4C1C}
	EndGlobalSection
EndGlobal
